
Microsoft Visual Studio Solution File, Format Version 12.00
# Visual Studio Version 17
VisualStudioVersion = 17.1.32421.90
MinimumVisualStudioVersion = 10.0.40219.1
Project("{9A19103F-16F7-4668-BE54-9A1E7A4F7556}") = "Categorie2", "Categorie2.csproj", "{B146A13F-A68F-4792-8617-CBD73889D40E}"
EndProject
Global
	GlobalSection(SolutionConfigurationPlatforms) = preSolution
		Debug|Any CPU = Debug|Any CPU
		Release|Any CPU = Release|Any CPU
	EndGlobalSection
	GlobalSection(ProjectConfigurationPlatforms) = postSolution
		{B146A13F-A68F-4792-8617-CBD73889D40E}.Debug|Any CPU.ActiveCfg = Debug|Any CPU
		{B146A13F-A68F-4792-8617-CBD73889D40E}.Debug|Any CPU.Build.0 = Debug|Any CPU
		{B146A13F-A68F-4792-8617-CBD73889D40E}.Release|Any CPU.ActiveCfg = Release|Any CPU
		{B146A13F-A68F-4792-8617-CBD73889D40E}.Release|Any CPU.Build.0 = Release|Any CPU
	EndGlobalSection
	GlobalSection(SolutionProperties) = preSolution
		HideSolutionNode = FALSE
	EndGlobalSection
	GlobalSection(ExtensibilityGlobals) = postSolution
		SolutionGuid = {6A7E379F-C4AB-4B7E-B3F9-A9C616255DD4}
	EndGlobalSection
EndGlobal
